// !$*UTF8*$!
{
	archiveVersion = 1;
	classes = {
	};
	objectVersion = 46;
	objects = {

/* Begin PBXBuildFile section */
		5613972F1F2A6BDC0040FF2E /* VaccineEnum.swift in Sources */ = {isa = PBXBuildFile; fileRef = 5613972E1F2A6BDC0040FF2E /* VaccineEnum.swift */; };
		564039651F21459A000FE160 /* SF-Pro-Display in Resources */ = {isa = PBXBuildFile; fileRef = 564039641F21459A000FE160 /* SF-Pro-Display */; };
		564039681F216B49000FE160 /* Temperature.storyboard in Resources */ = {isa = PBXBuildFile; fileRef = 564039661F216B49000FE160 /* Temperature.storyboard */; };
		5640396C1F217528000FE160 /* TempViewController.swift in Sources */ = {isa = PBXBuildFile; fileRef = 5640396B1F217528000FE160 /* TempViewController.swift */; };
		564039701F2285BB000FE160 /* TempPageViewController.swift in Sources */ = {isa = PBXBuildFile; fileRef = 5640396F1F2285BB000FE160 /* TempPageViewController.swift */; };
		56405C9F1F27E52B00788697 /* Lot.swift in Sources */ = {isa = PBXBuildFile; fileRef = 56405C9E1F27E52B00788697 /* Lot.swift */; };
		56405CA11F27FD0B00788697 /* Vaccine.swift in Sources */ = {isa = PBXBuildFile; fileRef = 56405CA01F27FD0B00788697 /* Vaccine.swift */; };
		5643129A1F2F9FEF001FA62F /* Temperature.swift in Sources */ = {isa = PBXBuildFile; fileRef = 564312991F2F9FEF001FA62F /* Temperature.swift */; };
		5643129C1F310ED0001FA62F /* Location.swift in Sources */ = {isa = PBXBuildFile; fileRef = 5643129B1F310ED0001FA62F /* Location.swift */; };
		5643129E1F3111CB001FA62F /* Accuvax.swift in Sources */ = {isa = PBXBuildFile; fileRef = 5643129D1F3111CB001FA62F /* Accuvax.swift */; };
		564312A01F311543001FA62F /* AccuvaxGroup.swift in Sources */ = {isa = PBXBuildFile; fileRef = 5643129F1F311543001FA62F /* AccuvaxGroup.swift */; };
		564312A31F312364001FA62F /* Main.storyboard in Resources */ = {isa = PBXBuildFile; fileRef = 564312A11F312364001FA62F /* Main.storyboard */; };
		569493AE1F32840600BCEE28 /* InventoryTableViewController.swift in Sources */ = {isa = PBXBuildFile; fileRef = 569493AD1F32840600BCEE28 /* InventoryTableViewController.swift */; };
		569493B01F32865800BCEE28 /* VaccineTableViewCell.swift in Sources */ = {isa = PBXBuildFile; fileRef = 569493AF1F32865800BCEE28 /* VaccineTableViewCell.swift */; };
		56AC94EF1F22AB4300FFB3C7 /* InventoryPageViewController.swift in Sources */ = {isa = PBXBuildFile; fileRef = 56AC94EE1F22AB4300FFB3C7 /* InventoryPageViewController.swift */; };
		56AC94F11F22AC6E00FFB3C7 /* Inventory.storyboard in Resources */ = {isa = PBXBuildFile; fileRef = 56AC94F01F22AC6E00FFB3C7 /* Inventory.storyboard */; };
		56AC94F51F22AD3B00FFB3C7 /* VaccineViewController.swift in Sources */ = {isa = PBXBuildFile; fileRef = 56AC94F41F22AD3B00FFB3C7 /* VaccineViewController.swift */; };
		83D548CA3BC9E5123EFE081B /* Pods_AccuVax_Mobile_Portal.framework in Frameworks */ = {isa = PBXBuildFile; fileRef = AEF1DE27E32B7F5BC3BB2FF4 /* Pods_AccuVax_Mobile_Portal.framework */; };
		D81AC9731F1E029E00938D7D /* AppDelegate.swift in Sources */ = {isa = PBXBuildFile; fileRef = D81AC9721F1E029E00938D7D /* AppDelegate.swift */; };
		D81AC9751F1E029E00938D7D /* LoginViewController.swift in Sources */ = {isa = PBXBuildFile; fileRef = D81AC9741F1E029E00938D7D /* LoginViewController.swift */; };
		D81AC97A1F1E029E00938D7D /* Assets.xcassets in Resources */ = {isa = PBXBuildFile; fileRef = D81AC9791F1E029E00938D7D /* Assets.xcassets */; };
		D81AC97D1F1E029E00938D7D /* LaunchScreen.storyboard in Resources */ = {isa = PBXBuildFile; fileRef = D81AC97B1F1E029E00938D7D /* LaunchScreen.storyboard */; };
		D88BA3D41F1FF3F100E29526 /* ChooseActionViewController.swift in Sources */ = {isa = PBXBuildFile; fileRef = D88BA3D31F1FF3F100E29526 /* ChooseActionViewController.swift */; };
		D88BA3D61F1FF80C00E29526 /* UIViewCustomization.swift in Sources */ = {isa = PBXBuildFile; fileRef = D88BA3D51F1FF80C00E29526 /* UIViewCustomization.swift */; };
		D8FED0EA1F1E8AE50085B00C /* SelectMachineTableViewController.swift in Sources */ = {isa = PBXBuildFile; fileRef = D8FED0E91F1E8AE50085B00C /* SelectMachineTableViewController.swift */; };
		D8FED0EF1F1E90730085B00C /* LocationTableViewCell.swift in Sources */ = {isa = PBXBuildFile; fileRef = D8FED0EE1F1E90730085B00C /* LocationTableViewCell.swift */; };
		D8FED0F11F1E920C0085B00C /* KioskGroupTableViewCell.swift in Sources */ = {isa = PBXBuildFile; fileRef = D8FED0F01F1E920C0085B00C /* KioskGroupTableViewCell.swift */; };
		D8FED0F31F1E923F0085B00C /* KioskTableViewCell.swift in Sources */ = {isa = PBXBuildFile; fileRef = D8FED0F21F1E923F0085B00C /* KioskTableViewCell.swift */; };
/* End PBXBuildFile section */

/* Begin PBXFileReference section */
		0641AFFF96EC336B5E6C6475 /* Pods-AccuVax Mobile Portal.release.xcconfig */ = {isa = PBXFileReference; includeInIndex = 1; lastKnownFileType = text.xcconfig; name = "Pods-AccuVax Mobile Portal.release.xcconfig"; path = "Pods/Target Support Files/Pods-AccuVax Mobile Portal/Pods-AccuVax Mobile Portal.release.xcconfig"; sourceTree = "<group>"; };
		5613972E1F2A6BDC0040FF2E /* VaccineEnum.swift */ = {isa = PBXFileReference; fileEncoding = 4; lastKnownFileType = sourcecode.swift; path = VaccineEnum.swift; sourceTree = "<group>"; };
		564039641F21459A000FE160 /* SF-Pro-Display */ = {isa = PBXFileReference; lastKnownFileType = folder; name = "SF-Pro-Display"; path = "/Library/Fonts/SF-Pro-Display"; sourceTree = "<absolute>"; };
		564039671F216B49000FE160 /* Base */ = {isa = PBXFileReference; lastKnownFileType = file.storyboard; name = Base; path = Base.lproj/Temperature.storyboard; sourceTree = "<group>"; };
		5640396B1F217528000FE160 /* TempViewController.swift */ = {isa = PBXFileReference; fileEncoding = 4; lastKnownFileType = sourcecode.swift; path = TempViewController.swift; sourceTree = "<group>"; };
		5640396F1F2285BB000FE160 /* TempPageViewController.swift */ = {isa = PBXFileReference; fileEncoding = 4; lastKnownFileType = sourcecode.swift; path = TempPageViewController.swift; sourceTree = "<group>"; };
		56405C9E1F27E52B00788697 /* Lot.swift */ = {isa = PBXFileReference; fileEncoding = 4; lastKnownFileType = sourcecode.swift; path = Lot.swift; sourceTree = "<group>"; };
		56405CA01F27FD0B00788697 /* Vaccine.swift */ = {isa = PBXFileReference; fileEncoding = 4; lastKnownFileType = sourcecode.swift; path = Vaccine.swift; sourceTree = "<group>"; };
		564312991F2F9FEF001FA62F /* Temperature.swift */ = {isa = PBXFileReference; fileEncoding = 4; lastKnownFileType = sourcecode.swift; path = Temperature.swift; sourceTree = "<group>"; };
		5643129B1F310ED0001FA62F /* Location.swift */ = {isa = PBXFileReference; fileEncoding = 4; lastKnownFileType = sourcecode.swift; path = Location.swift; sourceTree = "<group>"; };
		5643129D1F3111CB001FA62F /* Accuvax.swift */ = {isa = PBXFileReference; fileEncoding = 4; lastKnownFileType = sourcecode.swift; path = Accuvax.swift; sourceTree = "<group>"; };
		5643129F1F311543001FA62F /* AccuvaxGroup.swift */ = {isa = PBXFileReference; fileEncoding = 4; lastKnownFileType = sourcecode.swift; path = AccuvaxGroup.swift; sourceTree = "<group>"; };
		564312A21F312364001FA62F /* Base */ = {isa = PBXFileReference; lastKnownFileType = file.storyboard; name = Base; path = Base.lproj/Main.storyboard; sourceTree = "<group>"; };
		569493AD1F32840600BCEE28 /* InventoryTableViewController.swift */ = {isa = PBXFileReference; fileEncoding = 4; lastKnownFileType = sourcecode.swift; path = InventoryTableViewController.swift; sourceTree = "<group>"; };
		569493AF1F32865800BCEE28 /* VaccineTableViewCell.swift */ = {isa = PBXFileReference; fileEncoding = 4; lastKnownFileType = sourcecode.swift; path = VaccineTableViewCell.swift; sourceTree = "<group>"; };
		56AC94EE1F22AB4300FFB3C7 /* InventoryPageViewController.swift */ = {isa = PBXFileReference; fileEncoding = 4; lastKnownFileType = sourcecode.swift; path = InventoryPageViewController.swift; sourceTree = "<group>"; };
		56AC94F01F22AC6E00FFB3C7 /* Inventory.storyboard */ = {isa = PBXFileReference; fileEncoding = 4; lastKnownFileType = file.storyboard; path = Inventory.storyboard; sourceTree = "<group>"; };
		56AC94F41F22AD3B00FFB3C7 /* VaccineViewController.swift */ = {isa = PBXFileReference; fileEncoding = 4; lastKnownFileType = sourcecode.swift; path = VaccineViewController.swift; sourceTree = "<group>"; };
		94833959A4EF93BD68FD5D65 /* Pods-AccuVax Mobile Portal.debug.xcconfig */ = {isa = PBXFileReference; includeInIndex = 1; lastKnownFileType = text.xcconfig; name = "Pods-AccuVax Mobile Portal.debug.xcconfig"; path = "Pods/Target Support Files/Pods-AccuVax Mobile Portal/Pods-AccuVax Mobile Portal.debug.xcconfig"; sourceTree = "<group>"; };
		AEF1DE27E32B7F5BC3BB2FF4 /* Pods_AccuVax_Mobile_Portal.framework */ = {isa = PBXFileReference; explicitFileType = wrapper.framework; includeInIndex = 0; path = Pods_AccuVax_Mobile_Portal.framework; sourceTree = BUILT_PRODUCTS_DIR; };
		D81AC96F1F1E029E00938D7D /* AccuVax Mobile Portal.app */ = {isa = PBXFileReference; explicitFileType = wrapper.application; includeInIndex = 0; path = "AccuVax Mobile Portal.app"; sourceTree = BUILT_PRODUCTS_DIR; };
		D81AC9721F1E029E00938D7D /* AppDelegate.swift */ = {isa = PBXFileReference; lastKnownFileType = sourcecode.swift; path = AppDelegate.swift; sourceTree = "<group>"; };
		D81AC9741F1E029E00938D7D /* LoginViewController.swift */ = {isa = PBXFileReference; lastKnownFileType = sourcecode.swift; path = LoginViewController.swift; sourceTree = "<group>"; };
		D81AC9791F1E029E00938D7D /* Assets.xcassets */ = {isa = PBXFileReference; lastKnownFileType = folder.assetcatalog; path = Assets.xcassets; sourceTree = "<group>"; };
		D81AC97C1F1E029E00938D7D /* Base */ = {isa = PBXFileReference; lastKnownFileType = file.storyboard; name = Base; path = Base.lproj/LaunchScreen.storyboard; sourceTree = "<group>"; };
		D81AC97E1F1E029E00938D7D /* Info.plist */ = {isa = PBXFileReference; lastKnownFileType = text.plist.xml; path = Info.plist; sourceTree = "<group>"; };
		D88BA3D31F1FF3F100E29526 /* ChooseActionViewController.swift */ = {isa = PBXFileReference; fileEncoding = 4; lastKnownFileType = sourcecode.swift; path = ChooseActionViewController.swift; sourceTree = "<group>"; };
		D88BA3D51F1FF80C00E29526 /* UIViewCustomization.swift */ = {isa = PBXFileReference; fileEncoding = 4; lastKnownFileType = sourcecode.swift; path = UIViewCustomization.swift; sourceTree = "<group>"; };
		D8FED0E91F1E8AE50085B00C /* SelectMachineTableViewController.swift */ = {isa = PBXFileReference; fileEncoding = 4; lastKnownFileType = sourcecode.swift; path = SelectMachineTableViewController.swift; sourceTree = "<group>"; };
		D8FED0EE1F1E90730085B00C /* LocationTableViewCell.swift */ = {isa = PBXFileReference; fileEncoding = 4; lastKnownFileType = sourcecode.swift; path = LocationTableViewCell.swift; sourceTree = "<group>"; };
		D8FED0F01F1E920C0085B00C /* KioskGroupTableViewCell.swift */ = {isa = PBXFileReference; fileEncoding = 4; lastKnownFileType = sourcecode.swift; path = KioskGroupTableViewCell.swift; sourceTree = "<group>"; };
		D8FED0F21F1E923F0085B00C /* KioskTableViewCell.swift */ = {isa = PBXFileReference; fileEncoding = 4; lastKnownFileType = sourcecode.swift; path = KioskTableViewCell.swift; sourceTree = "<group>"; };
/* End PBXFileReference section */

/* Begin PBXFrameworksBuildPhase section */
		D81AC96C1F1E029E00938D7D /* Frameworks */ = {
			isa = PBXFrameworksBuildPhase;
			buildActionMask = 2147483647;
			files = (
				83D548CA3BC9E5123EFE081B /* Pods_AccuVax_Mobile_Portal.framework in Frameworks */,
			);
			runOnlyForDeploymentPostprocessing = 0;
		};
/* End PBXFrameworksBuildPhase section */

/* Begin PBXGroup section */
		56405C9B1F27E4F300788697 /* Models */ = {
			isa = PBXGroup;
			children = (
				56405C9E1F27E52B00788697 /* Lot.swift */,
				56405CA01F27FD0B00788697 /* Vaccine.swift */,
				5613972E1F2A6BDC0040FF2E /* VaccineEnum.swift */,
				564312991F2F9FEF001FA62F /* Temperature.swift */,
				5643129B1F310ED0001FA62F /* Location.swift */,
				5643129D1F3111CB001FA62F /* Accuvax.swift */,
				5643129F1F311543001FA62F /* AccuvaxGroup.swift */,
			);
			name = Models;
			sourceTree = "<group>";
		};
		56AC94EC1F22AA7D00FFB3C7 /* PageViewControllers */ = {
			isa = PBXGroup;
			children = (
				5640396F1F2285BB000FE160 /* TempPageViewController.swift */,
				56AC94EE1F22AB4300FFB3C7 /* InventoryPageViewController.swift */,
			);
			name = PageViewControllers;
			sourceTree = "<group>";
		};
		56AC94ED1F22AB0C00FFB3C7 /* Fonts */ = {
			isa = PBXGroup;
			children = (
				564039641F21459A000FE160 /* SF-Pro-Display */,
			);
			name = Fonts;
			sourceTree = "<group>";
		};
		9435D63578BA954C24A0DE17 /* Pods */ = {
			isa = PBXGroup;
			children = (
				94833959A4EF93BD68FD5D65 /* Pods-AccuVax Mobile Portal.debug.xcconfig */,
				0641AFFF96EC336B5E6C6475 /* Pods-AccuVax Mobile Portal.release.xcconfig */,
			);
			name = Pods;
			sourceTree = "<group>";
		};
		BB4BCD5924C3FD4C59BA3281 /* Frameworks */ = {
			isa = PBXGroup;
			children = (
				AEF1DE27E32B7F5BC3BB2FF4 /* Pods_AccuVax_Mobile_Portal.framework */,
			);
			name = Frameworks;
			sourceTree = "<group>";
		};
		D81AC9661F1E029E00938D7D = {
			isa = PBXGroup;
			children = (
				D81AC9711F1E029E00938D7D /* AccuVax Mobile Portal */,
				D81AC9701F1E029E00938D7D /* Products */,
				9435D63578BA954C24A0DE17 /* Pods */,
				BB4BCD5924C3FD4C59BA3281 /* Frameworks */,
			);
			sourceTree = "<group>";
		};
		D81AC9701F1E029E00938D7D /* Products */ = {
			isa = PBXGroup;
			children = (
				D81AC96F1F1E029E00938D7D /* AccuVax Mobile Portal.app */,
			);
			name = Products;
			sourceTree = "<group>";
		};
		D81AC9711F1E029E00938D7D /* AccuVax Mobile Portal */ = {
			isa = PBXGroup;
			children = (
				56405C9B1F27E4F300788697 /* Models */,
				56AC94EC1F22AA7D00FFB3C7 /* PageViewControllers */,
				D8FED0EB1F1E8B1A0085B00C /* ViewControllers */,
				D8FED0EC1F1E8F740085B00C /* Table View Cells */,
				D8FED0ED1F1E8FE80085B00C /* Storyboards */,
				56AC94ED1F22AB0C00FFB3C7 /* Fonts */,
				D81AC9721F1E029E00938D7D /* AppDelegate.swift */,
				D81AC9791F1E029E00938D7D /* Assets.xcassets */,
				D81AC97E1F1E029E00938D7D /* Info.plist */,
				D88BA3D51F1FF80C00E29526 /* UIViewCustomization.swift */,
			);
			path = "AccuVax Mobile Portal";
			sourceTree = "<group>";
		};
		D8FED0EB1F1E8B1A0085B00C /* ViewControllers */ = {
			isa = PBXGroup;
			children = (
				D81AC9741F1E029E00938D7D /* LoginViewController.swift */,
				D8FED0E91F1E8AE50085B00C /* SelectMachineTableViewController.swift */,
				D88BA3D31F1FF3F100E29526 /* ChooseActionViewController.swift */,
				5640396B1F217528000FE160 /* TempViewController.swift */,
				56AC94F41F22AD3B00FFB3C7 /* VaccineViewController.swift */,
				569493AD1F32840600BCEE28 /* InventoryTableViewController.swift */,
			);
			name = ViewControllers;
			sourceTree = "<group>";
		};
		D8FED0EC1F1E8F740085B00C /* Table View Cells */ = {
			isa = PBXGroup;
			children = (
				D8FED0EE1F1E90730085B00C /* LocationTableViewCell.swift */,
				D8FED0F01F1E920C0085B00C /* KioskGroupTableViewCell.swift */,
				D8FED0F21F1E923F0085B00C /* KioskTableViewCell.swift */,
				569493AF1F32865800BCEE28 /* VaccineTableViewCell.swift */,
			);
			name = "Table View Cells";
			sourceTree = "<group>";
		};
		D8FED0ED1F1E8FE80085B00C /* Storyboards */ = {
			isa = PBXGroup;
			children = (
				564312A11F312364001FA62F /* Main.storyboard */,
				564039661F216B49000FE160 /* Temperature.storyboard */,
				D81AC97B1F1E029E00938D7D /* LaunchScreen.storyboard */,
				56AC94F01F22AC6E00FFB3C7 /* Inventory.storyboard */,
			);
			name = Storyboards;
			sourceTree = "<group>";
		};
/* End PBXGroup section */

/* Begin PBXNativeTarget section */
		D81AC96E1F1E029E00938D7D /* AccuVax Mobile Portal */ = {
			isa = PBXNativeTarget;
			buildConfigurationList = D81AC9811F1E029E00938D7D /* Build configuration list for PBXNativeTarget "AccuVax Mobile Portal" */;
			buildPhases = (
				90DDA837A3836055D660DA8E /* [CP] Check Pods Manifest.lock */,
				D81AC96B1F1E029E00938D7D /* Sources */,
				D81AC96C1F1E029E00938D7D /* Frameworks */,
				D81AC96D1F1E029E00938D7D /* Resources */,
				AF7113582C2D528F0D601CB6 /* [CP] Embed Pods Frameworks */,
				1C979BA4A87272FA6D2896E1 /* [CP] Copy Pods Resources */,
			);
			buildRules = (
			);
			dependencies = (
			);
			name = "AccuVax Mobile Portal";
			productName = "AccuVax Mobile Portal";
			productReference = D81AC96F1F1E029E00938D7D /* AccuVax Mobile Portal.app */;
			productType = "com.apple.product-type.application";
		};
/* End PBXNativeTarget section */

/* Begin PBXProject section */
		D81AC9671F1E029E00938D7D /* Project object */ = {
			isa = PBXProject;
			attributes = {
				LastSwiftUpdateCheck = 0830;
				LastUpgradeCheck = 0830;
				ORGANIZATIONNAME = "Nathan Baker";
				TargetAttributes = {
					D81AC96E1F1E029E00938D7D = {
						CreatedOnToolsVersion = 8.3.3;
						DevelopmentTeam = 92C2Z4SY7V;
						ProvisioningStyle = Automatic;
					};
				};
			};
			buildConfigurationList = D81AC96A1F1E029E00938D7D /* Build configuration list for PBXProject "AccuVax Mobile Portal" */;
			compatibilityVersion = "Xcode 3.2";
			developmentRegion = English;
			hasScannedForEncodings = 0;
			knownRegions = (
				en,
				Base,
			);
			mainGroup = D81AC9661F1E029E00938D7D;
			productRefGroup = D81AC9701F1E029E00938D7D /* Products */;
			projectDirPath = "";
			projectRoot = "";
			targets = (
				D81AC96E1F1E029E00938D7D /* AccuVax Mobile Portal */,
			);
		};
/* End PBXProject section */

/* Begin PBXResourcesBuildPhase section */
		D81AC96D1F1E029E00938D7D /* Resources */ = {
			isa = PBXResourcesBuildPhase;
			buildActionMask = 2147483647;
			files = (
				564312A31F312364001FA62F /* Main.storyboard in Resources */,
				564039651F21459A000FE160 /* SF-Pro-Display in Resources */,
				564039681F216B49000FE160 /* Temperature.storyboard in Resources */,
				D81AC97D1F1E029E00938D7D /* LaunchScreen.storyboard in Resources */,
				D81AC97A1F1E029E00938D7D /* Assets.xcassets in Resources */,
				56AC94F11F22AC6E00FFB3C7 /* Inventory.storyboard in Resources */,
			);
			runOnlyForDeploymentPostprocessing = 0;
		};
/* End PBXResourcesBuildPhase section */

/* Begin PBXShellScriptBuildPhase section */
		1C979BA4A87272FA6D2896E1 /* [CP] Copy Pods Resources */ = {
			isa = PBXShellScriptBuildPhase;
			buildActionMask = 2147483647;
			files = (
			);
			inputPaths = (
			);
			name = "[CP] Copy Pods Resources";
			outputPaths = (
			);
			runOnlyForDeploymentPostprocessing = 0;
			shellPath = /bin/sh;
			shellScript = "\"${SRCROOT}/Pods/Target Support Files/Pods-AccuVax Mobile Portal/Pods-AccuVax Mobile Portal-resources.sh\"\n";
			showEnvVarsInLog = 0;
		};
		90DDA837A3836055D660DA8E /* [CP] Check Pods Manifest.lock */ = {
			isa = PBXShellScriptBuildPhase;
			buildActionMask = 2147483647;
			files = (
			);
			inputPaths = (
			);
			name = "[CP] Check Pods Manifest.lock";
			outputPaths = (
			);
			runOnlyForDeploymentPostprocessing = 0;
			shellPath = /bin/sh;
			shellScript = "diff \"${PODS_PODFILE_DIR_PATH}/Podfile.lock\" \"${PODS_ROOT}/Manifest.lock\" > /dev/null\nif [ $? != 0 ] ; then\n    # print error to STDERR\n    echo \"error: The sandbox is not in sync with the Podfile.lock. Run 'pod install' or update your CocoaPods installation.\" >&2\n    exit 1\nfi\n";
			showEnvVarsInLog = 0;
		};
		AF7113582C2D528F0D601CB6 /* [CP] Embed Pods Frameworks */ = {
			isa = PBXShellScriptBuildPhase;
			buildActionMask = 2147483647;
			files = (
			);
			inputPaths = (
			);
			name = "[CP] Embed Pods Frameworks";
			outputPaths = (
			);
			runOnlyForDeploymentPostprocessing = 0;
			shellPath = /bin/sh;
			shellScript = "\"${SRCROOT}/Pods/Target Support Files/Pods-AccuVax Mobile Portal/Pods-AccuVax Mobile Portal-frameworks.sh\"\n";
			showEnvVarsInLog = 0;
		};
/* End PBXShellScriptBuildPhase section */

/* Begin PBXSourcesBuildPhase section */
		D81AC96B1F1E029E00938D7D /* Sources */ = {
			isa = PBXSourcesBuildPhase;
			buildActionMask = 2147483647;
			files = (
				56AC94EF1F22AB4300FFB3C7 /* InventoryPageViewController.swift in Sources */,
				56405CA11F27FD0B00788697 /* Vaccine.swift in Sources */,
				56405C9F1F27E52B00788697 /* Lot.swift in Sources */,
				D88BA3D61F1FF80C00E29526 /* UIViewCustomization.swift in Sources */,
				D81AC9751F1E029E00938D7D /* LoginViewController.swift in Sources */,
				5643129C1F310ED0001FA62F /* Location.swift in Sources */,
				569493AE1F32840600BCEE28 /* InventoryTableViewController.swift in Sources */,
				D8FED0EA1F1E8AE50085B00C /* SelectMachineTableViewController.swift in Sources */,
				5643129E1F3111CB001FA62F /* Accuvax.swift in Sources */,
				D8FED0EF1F1E90730085B00C /* LocationTableViewCell.swift in Sources */,
				D88BA3D41F1FF3F100E29526 /* ChooseActionViewController.swift in Sources */,
				56AC94F51F22AD3B00FFB3C7 /* VaccineViewController.swift in Sources */,
				564039701F2285BB000FE160 /* TempPageViewController.swift in Sources */,
				5643129A1F2F9FEF001FA62F /* Temperature.swift in Sources */,
				5613972F1F2A6BDC0040FF2E /* VaccineEnum.swift in Sources */,
				D8FED0F31F1E923F0085B00C /* KioskTableViewCell.swift in Sources */,
				5640396C1F217528000FE160 /* TempViewController.swift in Sources */,
				564312A01F311543001FA62F /* AccuvaxGroup.swift in Sources */,
				D81AC9731F1E029E00938D7D /* AppDelegate.swift in Sources */,
				D8FED0F11F1E920C0085B00C /* KioskGroupTableViewCell.swift in Sources */,
				569493B01F32865800BCEE28 /* VaccineTableViewCell.swift in Sources */,
			);
			runOnlyForDeploymentPostprocessing = 0;
		};
/* End PBXSourcesBuildPhase section */

/* Begin PBXVariantGroup section */
		564039661F216B49000FE160 /* Temperature.storyboard */ = {
			isa = PBXVariantGroup;
			children = (
				564039671F216B49000FE160 /* Base */,
			);
			name = Temperature.storyboard;
			sourceTree = "<group>";
		};
		564312A11F312364001FA62F /* Main.storyboard */ = {
			isa = PBXVariantGroup;
			children = (
				564312A21F312364001FA62F /* Base */,
			);
			name = Main.storyboard;
			sourceTree = "<group>";
		};
		D81AC97B1F1E029E00938D7D /* LaunchScreen.storyboard */ = {
			isa = PBXVariantGroup;
			children = (
				D81AC97C1F1E029E00938D7D /* Base */,
			);
			name = LaunchScreen.storyboard;
			sourceTree = "<group>";
		};
/* End PBXVariantGroup section */

/* Begin XCBuildConfiguration section */
		D81AC97F1F1E029E00938D7D /* Debug */ = {
			isa = XCBuildConfiguration;
			buildSettings = {
				ALWAYS_SEARCH_USER_PATHS = NO;
				CLANG_ANALYZER_NONNULL = YES;
				CLANG_ANALYZER_NUMBER_OBJECT_CONVERSION = YES_AGGRESSIVE;
				CLANG_CXX_LANGUAGE_STANDARD = "gnu++0x";
				CLANG_CXX_LIBRARY = "libc++";
				CLANG_ENABLE_MODULES = YES;
				CLANG_ENABLE_OBJC_ARC = YES;
				CLANG_WARN_BOOL_CONVERSION = YES;
				CLANG_WARN_CONSTANT_CONVERSION = YES;
				CLANG_WARN_DIRECT_OBJC_ISA_USAGE = YES_ERROR;
				CLANG_WARN_DOCUMENTATION_COMMENTS = YES;
				CLANG_WARN_EMPTY_BODY = YES;
				CLANG_WARN_ENUM_CONVERSION = YES;
				CLANG_WARN_INFINITE_RECURSION = YES;
				CLANG_WARN_INT_CONVERSION = YES;
				CLANG_WARN_OBJC_ROOT_CLASS = YES_ERROR;
				CLANG_WARN_SUSPICIOUS_MOVE = YES;
				CLANG_WARN_UNREACHABLE_CODE = YES;
				CLANG_WARN__DUPLICATE_METHOD_MATCH = YES;
				"CODE_SIGN_IDENTITY[sdk=iphoneos*]" = "iPhone Developer";
				COPY_PHASE_STRIP = NO;
				DEBUG_INFORMATION_FORMAT = dwarf;
				ENABLE_STRICT_OBJC_MSGSEND = YES;
				ENABLE_TESTABILITY = YES;
				GCC_C_LANGUAGE_STANDARD = gnu99;
				GCC_DYNAMIC_NO_PIC = NO;
				GCC_NO_COMMON_BLOCKS = YES;
				GCC_OPTIMIZATION_LEVEL = 0;
				GCC_PREPROCESSOR_DEFINITIONS = (
					"DEBUG=1",
					"$(inherited)",
				);
				GCC_WARN_64_TO_32_BIT_CONVERSION = YES;
				GCC_WARN_ABOUT_RETURN_TYPE = YES_ERROR;
				GCC_WARN_UNDECLARED_SELECTOR = YES;
				GCC_WARN_UNINITIALIZED_AUTOS = YES_AGGRESSIVE;
				GCC_WARN_UNUSED_FUNCTION = YES;
				GCC_WARN_UNUSED_VARIABLE = YES;
				IPHONEOS_DEPLOYMENT_TARGET = 10.3;
				MTL_ENABLE_DEBUG_INFO = YES;
				ONLY_ACTIVE_ARCH = YES;
				SDKROOT = iphoneos;
				SWIFT_ACTIVE_COMPILATION_CONDITIONS = DEBUG;
				SWIFT_OPTIMIZATION_LEVEL = "-Onone";
			};
			name = Debug;
		};
		D81AC9801F1E029E00938D7D /* Release */ = {
			isa = XCBuildConfiguration;
			buildSettings = {
				ALWAYS_SEARCH_USER_PATHS = NO;
				CLANG_ANALYZER_NONNULL = YES;
				CLANG_ANALYZER_NUMBER_OBJECT_CONVERSION = YES_AGGRESSIVE;
				CLANG_CXX_LANGUAGE_STANDARD = "gnu++0x";
				CLANG_CXX_LIBRARY = "libc++";
				CLANG_ENABLE_MODULES = YES;
				CLANG_ENABLE_OBJC_ARC = YES;
				CLANG_WARN_BOOL_CONVERSION = YES;
				CLANG_WARN_CONSTANT_CONVERSION = YES;
				CLANG_WARN_DIRECT_OBJC_ISA_USAGE = YES_ERROR;
				CLANG_WARN_DOCUMENTATION_COMMENTS = YES;
				CLANG_WARN_EMPTY_BODY = YES;
				CLANG_WARN_ENUM_CONVERSION = YES;
				CLANG_WARN_INFINITE_RECURSION = YES;
				CLANG_WARN_INT_CONVERSION = YES;
				CLANG_WARN_OBJC_ROOT_CLASS = YES_ERROR;
				CLANG_WARN_SUSPICIOUS_MOVE = YES;
				CLANG_WARN_UNREACHABLE_CODE = YES;
				CLANG_WARN__DUPLICATE_METHOD_MATCH = YES;
				"CODE_SIGN_IDENTITY[sdk=iphoneos*]" = "iPhone Developer";
				COPY_PHASE_STRIP = NO;
				DEBUG_INFORMATION_FORMAT = "dwarf-with-dsym";
				ENABLE_NS_ASSERTIONS = NO;
				ENABLE_STRICT_OBJC_MSGSEND = YES;
				GCC_C_LANGUAGE_STANDARD = gnu99;
				GCC_NO_COMMON_BLOCKS = YES;
				GCC_WARN_64_TO_32_BIT_CONVERSION = YES;
				GCC_WARN_ABOUT_RETURN_TYPE = YES_ERROR;
				GCC_WARN_UNDECLARED_SELECTOR = YES;
				GCC_WARN_UNINITIALIZED_AUTOS = YES_AGGRESSIVE;
				GCC_WARN_UNUSED_FUNCTION = YES;
				GCC_WARN_UNUSED_VARIABLE = YES;
				IPHONEOS_DEPLOYMENT_TARGET = 10.3;
				MTL_ENABLE_DEBUG_INFO = NO;
				SDKROOT = iphoneos;
				SWIFT_OPTIMIZATION_LEVEL = "-Owholemodule";
				VALIDATE_PRODUCT = YES;
			};
			name = Release;
		};
		D81AC9821F1E029E00938D7D /* Debug */ = {
			isa = XCBuildConfiguration;
			baseConfigurationReference = 94833959A4EF93BD68FD5D65 /* Pods-AccuVax Mobile Portal.debug.xcconfig */;
			buildSettings = {
				ASSETCATALOG_COMPILER_APPICON_NAME = AppIcon;
				DEVELOPMENT_TEAM = 92C2Z4SY7V;
				ENABLE_BITCODE = NO;
				INFOPLIST_FILE = "AccuVax Mobile Portal/Info.plist";
				IPHONEOS_DEPLOYMENT_TARGET = 10.0;
				LD_RUNPATH_SEARCH_PATHS = "$(inherited) @executable_path/Frameworks";
				PRODUCT_BUNDLE_IDENTIFIER = "com.nathanbaker.trumed.AccuVax-Mobile-Portal";
				PRODUCT_NAME = "$(TARGET_NAME)";
				SWIFT_VERSION = 3.0;
			};
			name = Debug;
		};
		D81AC9831F1E029E00938D7D /* Release */ = {
			isa = XCBuildConfiguration;
			baseConfigurationReference = 0641AFFF96EC336B5E6C6475 /* Pods-AccuVax Mobile Portal.release.xcconfig */;
			buildSettings = {
				ASSETCATALOG_COMPILER_APPICON_NAME = AppIcon;
				DEVELOPMENT_TEAM = 92C2Z4SY7V;
				ENABLE_BITCODE = NO;
				INFOPLIST_FILE = "AccuVax Mobile Portal/Info.plist";
				IPHONEOS_DEPLOYMENT_TARGET = 10.0;
				LD_RUNPATH_SEARCH_PATHS = "$(inherited) @executable_path/Frameworks";
				PRODUCT_BUNDLE_IDENTIFIER = "com.nathanbaker.trumed.AccuVax-Mobile-Portal";
				PRODUCT_NAME = "$(TARGET_NAME)";
				SWIFT_VERSION = 3.0;
			};
			name = Release;
		};
/* End XCBuildConfiguration section */

/* Begin XCConfigurationList section */
		D81AC96A1F1E029E00938D7D /* Build configuration list for PBXProject "AccuVax Mobile Portal" */ = {
			isa = XCConfigurationList;
			buildConfigurations = (
				D81AC97F1F1E029E00938D7D /* Debug */,
				D81AC9801F1E029E00938D7D /* Release */,
			);
			defaultConfigurationIsVisible = 0;
			defaultConfigurationName = Release;
		};
		D81AC9811F1E029E00938D7D /* Build configuration list for PBXNativeTarget "AccuVax Mobile Portal" */ = {
			isa = XCConfigurationList;
			buildConfigurations = (
				D81AC9821F1E029E00938D7D /* Debug */,
				D81AC9831F1E029E00938D7D /* Release */,
			);
			defaultConfigurationIsVisible = 0;
			defaultConfigurationName = Release;
		};
/* End XCConfigurationList section */
	};
	rootObject = D81AC9671F1E029E00938D7D /* Project object */;
}
